
Microsoft Visual Studio Solution File, Format Version 12.00
# Visual Studio 15
VisualStudioVersion = 15.0.28307.1231
MinimumVisualStudioVersion = 10.0.40219.1
Project("{8BC9CEB8-8B4A-11D0-8D11-00A0C91BC942}") = "VisualDiskImager", "VisualDiskImager\VisualDiskImager.vcxproj", "{30CFBBFD-B24B-41A0-9D5C-77C28A24318C}"
EndProject
Global
	GlobalSection(SolutionConfigurationPlatforms) = preSolution
		Debug|x64 = Debug|x64
		Debug|x86 = Debug|x86
		Release|x64 = Release|x64
		Release|x86 = Release|x86
	EndGlobalSection
	GlobalSection(ProjectConfigurationPlatforms) = postSolution
		{30CFBBFD-B24B-41A0-9D5C-77C28A24318C}.Debug|x64.ActiveCfg = Debug|x64
		{30CFBBFD-B24B-41A0-9D5C-77C28A24318C}.Debug|x64.Build.0 = Debug|x64
		{30CFBBFD-B24B-41A0-9D5C-77C28A24318C}.Debug|x86.ActiveCfg = Debug|Win32
		{30CFBBFD-B24B-41A0-9D5C-77C28A24318C}.Debug|x86.Build.0 = Debug|Win32
		{30CFBBFD-B24B-41A0-9D5C-77C28A24318C}.Release|x64.ActiveCfg = Release|x64
		{30CFBBFD-B24B-41A0-9D5C-77C28A24318C}.Release|x64.Build.0 = Release|x64
		{30CFBBFD-B24B-41A0-9D5C-77C28A24318C}.Release|x86.ActiveCfg = Release|Win32
		{30CFBBFD-B24B-41A0-9D5C-77C28A24318C}.Release|x86.Build.0 = Release|Win32
	EndGlobalSection
	GlobalSection(SolutionProperties) = preSolution
		HideSolutionNode = FALSE
	EndGlobalSection
	GlobalSection(ExtensibilityGlobals) = postSolution
		SolutionGuid = {BF344F96-7787-47D3-A9EF-E92919A1665C}
	EndGlobalSection
EndGlobal
